{"version":4,"terraform_version":"1.11.1","serial":5,"lineage":"cf9a3c82-b240-b04f-65ed-aa2911b6008a","outputs":{"app_url":{"value":"http://localhost","type":"string"},"argocd_url":{"value":"https://localhost:8080 (nach Port-Forward)","type":"string"},"get_argocd_password_cmd":{"value":"kubectl -n argocd get secret argocd-initial-admin-secret -o jsonpath=\"{.data.password}\" | ForEach-Object { [System.Text.Encoding]::UTF8.GetString([System.Convert]::FromBase64String($_)) }","type":"string"},"grafana_url":{"value":"http://localhost:3000 (nach Port-Forward)","type":"string"}},"resources":[{"mode":"managed","type":"helm_release","name":"argocd","provider":"provider[\"registry.opentofu.org/hashicorp/helm\"]","instances":[{"schema_version":1,"attributes":{"atomic":false,"chart":"argo-cd","cleanup_on_fail":false,"create_namespace":false,"dependency_update":false,"description":null,"devel":null,"disable_crd_hooks":false,"disable_openapi_validation":false,"disable_webhooks":false,"force_update":false,"id":"argocd","keyring":null,"lint":false,"manifest":null,"max_history":0,"metadata":[{"app_version":"v2.9.3","chart":"argo-cd","name":"argocd","namespace":"argocd","revision":1,"values":"{\"server\":{\"service\":{\"type\":\"ClusterIP\"}}}","version":"5.51.6"}],"name":"argocd","namespace":"argocd","pass_credentials":false,"postrender":[],"recreate_pods":false,"render_subchart_notes":true,"replace":false,"repository":"https://argoproj.github.io/argo-helm","repository_ca_file":null,"repository_cert_file":null,"repository_key_file":null,"repository_password":null,"repository_username":null,"reset_values":false,"reuse_values":false,"set":[{"name":"server.service.type","type":"","value":"ClusterIP"}],"set_list":[],"set_sensitive":[],"skip_crds":false,"status":"deployed","timeout":300,"values":null,"verify":false,"version":"5.51.6","wait":true,"wait_for_jobs":false},"sensitive_attributes":[[{"type":"get_attr","value":"repository_password"}]],"private":"eyJzY2hlbWFfdmVyc2lvbiI6IjEifQ==","dependencies":["kubernetes_namespace.argocd","null_resource.helm_repo_init"]}]},{"mode":"managed","type":"helm_release","name":"ingress_nginx","provider":"provider[\"registry.opentofu.org/hashicorp/helm\"]","instances":[{"index_key":0,"schema_version":1,"attributes":{"atomic":false,"chart":"ingress-nginx","cleanup_on_fail":false,"create_namespace":false,"dependency_update":false,"description":null,"devel":null,"disable_crd_hooks":false,"disable_openapi_validation":false,"disable_webhooks":false,"force_update":false,"id":"ingress-nginx","keyring":null,"lint":false,"manifest":null,"max_history":0,"metadata":[{"app_version":"1.9.4","chart":"ingress-nginx","name":"ingress-nginx","namespace":"ingress-nginx","revision":1,"values":"{\"controller\":{\"service\":{\"type\":\"LoadBalancer\"}}}","version":"4.8.3"}],"name":"ingress-nginx","namespace":"ingress-nginx","pass_credentials":false,"postrender":[],"recreate_pods":false,"render_subchart_notes":true,"replace":false,"repository":"https://kubernetes.github.io/ingress-nginx","repository_ca_file":null,"repository_cert_file":null,"repository_key_file":null,"repository_password":null,"repository_username":null,"reset_values":false,"reuse_values":false,"set":[{"name":"controller.service.type","type":"","value":"LoadBalancer"}],"set_list":[],"set_sensitive":[],"skip_crds":false,"status":"deployed","timeout":300,"values":null,"verify":false,"version":"4.8.3","wait":true,"wait_for_jobs":false},"sensitive_attributes":[[{"type":"get_attr","value":"repository_password"}]],"private":"eyJzY2hlbWFfdmVyc2lvbiI6IjEifQ==","dependencies":["kubernetes_namespace.ingress_nginx","null_resource.helm_repo_init"]}]},{"mode":"managed","type":"helm_release","name":"monitoring","provider":"provider[\"registry.opentofu.org/hashicorp/helm\"]","instances":[{"index_key":0,"schema_version":1,"attributes":{"atomic":false,"chart":"kube-prometheus-stack","cleanup_on_fail":false,"create_namespace":false,"dependency_update":false,"description":null,"devel":null,"disable_crd_hooks":false,"disable_openapi_validation":false,"disable_webhooks":false,"force_update":false,"id":"kube-prometheus-stack","keyring":null,"lint":false,"manifest":null,"max_history":0,"metadata":[{"app_version":"v0.70.0","chart":"kube-prometheus-stack","name":"kube-prometheus-stack","namespace":"monitoring","revision":1,"values":"{\"prometheus\":{\"prometheusSpec\":{\"serviceMonitorSelectorNilUsesHelmValues\":false}}}","version":"55.0.0"}],"name":"kube-prometheus-stack","namespace":"monitoring","pass_credentials":false,"postrender":[],"recreate_pods":false,"render_subchart_notes":true,"replace":false,"repository":"https://prometheus-community.github.io/helm-charts","repository_ca_file":null,"repository_cert_file":null,"repository_key_file":null,"repository_password":null,"repository_username":null,"reset_values":false,"reuse_values":false,"set":[{"name":"prometheus.prometheusSpec.serviceMonitorSelectorNilUsesHelmValues","type":"","value":"false"}],"set_list":[],"set_sensitive":[],"skip_crds":false,"status":"deployed","timeout":300,"values":null,"verify":false,"version":"55.0.0","wait":true,"wait_for_jobs":false},"sensitive_attributes":[[{"type":"get_attr","value":"repository_password"}]],"private":"eyJzY2hlbWFfdmVyc2lvbiI6IjEifQ==","dependencies":["kubernetes_namespace.monitoring","null_resource.helm_repo_init"]}]},{"mode":"managed","type":"kubectl_manifest","name":"shortly_app","provider":"provider[\"registry.opentofu.org/gavinbunney/kubectl\"]","instances":[{"schema_version":1,"attributes":{"api_version":"argoproj.io/v1alpha1","apply_only":false,"force_conflicts":false,"force_new":false,"id":"/apis/argoproj.io/v1alpha1/namespaces/argocd/applications/shortly","ignore_fields":null,"kind":"Application","live_manifest_incluster":"d2fa2d0769e0ed0cbd082205ce680fd3dfc7eacf3ef27955405fb0a2657b6582","live_uid":"19e59623-144e-4158-9f6f-ebddb57129e4","name":"shortly","namespace":"argocd","override_namespace":null,"sensitive_fields":null,"server_side_apply":false,"timeouts":null,"uid":"19e59623-144e-4158-9f6f-ebddb57129e4","validate_schema":true,"wait":null,"wait_for_rollout":true,"yaml_body":"# deploy/argocd/shortly-app.yaml\r\napiVersion: argoproj.io/v1alpha1\r\nkind: Application\r\nmetadata:\r\n  name: shortly\r\n  namespace: argocd\r\n  finalizers:\r\n    - resources-finalizer.argocd.argoproj.io\r\nspec:\r\n  project: default\r\n\r\n  source:\r\n    # Für lokale Entwicklung: Git-Repo URL hier eintragen\r\n    # Beispiel: https://github.com/DEIN-USER/shortly.git\r\n    # Für Docker Desktop lokal kannst du auch ein lokales Repo nutzen (siehe unten)\r\n    repoURL: https://gitlab.neusta.de/limmoor/shortly.git\r\n    targetRevision: HEAD\r\n    path: deploy/helm/shortly\r\n\r\n    helm:\r\n      valueFiles:\r\n        - values.yaml\r\n        # starting from deploy/helm/shortly\r\n        - ../../argocd/values-docker-desktop.yaml\r\n\r\n  destination:\r\n    # Docker Desktop K8s Cluster\r\n    server: https://kubernetes.default.svc\r\n    namespace: shortly\r\n\r\n  syncPolicy:\r\n    automated:\r\n      prune: true\r\n      selfHeal: true\r\n    syncOptions:\r\n      - CreateNamespace=true\r\n      - PruneLast=true\r\n","yaml_body_parsed":"apiVersion: argoproj.io/v1alpha1\nkind: Application\nmetadata:\n  finalizers:\n  - resources-finalizer.argocd.argoproj.io\n  name: shortly\n  namespace: argocd\nspec:\n  destination:\n    namespace: shortly\n    server: https://kubernetes.default.svc\n  project: default\n  source:\n    helm:\n      valueFiles:\n      - values.yaml\n      - ../../argocd/values-docker-desktop.yaml\n    path: deploy/helm/shortly\n    repoURL: https://gitlab.neusta.de/limmoor/shortly.git\n    targetRevision: HEAD\n  syncPolicy:\n    automated:\n      prune: true\n      selfHeal: true\n    syncOptions:\n    - CreateNamespace=true\n    - PruneLast=true\n","yaml_incluster":"d2fa2d0769e0ed0cbd082205ce680fd3dfc7eacf3ef27955405fb0a2657b6582"},"sensitive_attributes":[[{"type":"get_attr","value":"live_manifest_incluster"}],[{"type":"get_attr","value":"yaml_body"}],[{"type":"get_attr","value":"yaml_incluster"}]],"private":"eyJlMmJmYjczMC1lY2FhLTExZTYtOGY4OC0zNDM2M2JjN2M0YzAiOnsiY3JlYXRlIjo2MDAwMDAwMDAwMDB9LCJzY2hlbWFfdmVyc2lvbiI6IjEifQ==","dependencies":["helm_release.argocd","kubectl_manifest.shortly_project","kubernetes_namespace.argocd","null_resource.helm_repo_init"]}]},{"mode":"managed","type":"kubectl_manifest","name":"shortly_project","provider":"provider[\"registry.opentofu.org/gavinbunney/kubectl\"]","instances":[{"schema_version":1,"attributes":{"api_version":"argoproj.io/v1alpha1","apply_only":false,"force_conflicts":false,"force_new":false,"id":"/apis/argoproj.io/v1alpha1/namespaces/argocd/appprojects/shortly-project","ignore_fields":null,"kind":"AppProject","live_manifest_incluster":"fc3129b17ea359f9f893aaad978b8b303f8a0fa2e1dda3e4daff710fc4c3a398","live_uid":"7fe43055-8814-4ac9-880f-d01cc160ff7b","name":"shortly-project","namespace":"argocd","override_namespace":null,"sensitive_fields":null,"server_side_apply":false,"timeouts":null,"uid":"7fe43055-8814-4ac9-880f-d01cc160ff7b","validate_schema":true,"wait":null,"wait_for_rollout":true,"yaml_body":"# deploy/argocd/shortly-project.yaml\r\napiVersion: argoproj.io/v1alpha1\r\nkind: AppProject\r\nmetadata:\r\n  name: shortly-project\r\n  namespace: argocd\r\nspec:\r\n  description: Shortly URL Shortener Project\r\n\r\n  sourceRepos:\r\n    - 'https://gitlab.neusta.de/limmoor/shortly.git'\r\n\r\n  destinations:\r\n    - namespace: shortly\r\n      server: https://kubernetes.default.svc\r\n    - namespace: monitoring\r\n      server: https://kubernetes.default.svc\r\n\r\n  clusterResourceWhitelist:\r\n    - group: ''\r\n      kind: Namespace\r\n\r\n  namespaceResourceWhitelist:\r\n    - group: '*'\r\n      kind: '*'\r\n","yaml_body_parsed":"apiVersion: argoproj.io/v1alpha1\nkind: AppProject\nmetadata:\n  name: shortly-project\n  namespace: argocd\nspec:\n  clusterResourceWhitelist:\n  - group: \"\"\n    kind: Namespace\n  description: Shortly URL Shortener Project\n  destinations:\n  - namespace: shortly\n    server: https://kubernetes.default.svc\n  - namespace: monitoring\n    server: https://kubernetes.default.svc\n  namespaceResourceWhitelist:\n  - group: '*'\n    kind: '*'\n  sourceRepos:\n  - https://gitlab.neusta.de/limmoor/shortly.git\n","yaml_incluster":"fc3129b17ea359f9f893aaad978b8b303f8a0fa2e1dda3e4daff710fc4c3a398"},"sensitive_attributes":[[{"type":"get_attr","value":"live_manifest_incluster"}],[{"type":"get_attr","value":"yaml_body"}],[{"type":"get_attr","value":"yaml_incluster"}]],"private":"eyJlMmJmYjczMC1lY2FhLTExZTYtOGY4OC0zNDM2M2JjN2M0YzAiOnsiY3JlYXRlIjo2MDAwMDAwMDAwMDB9LCJzY2hlbWFfdmVyc2lvbiI6IjEifQ==","dependencies":["helm_release.argocd","kubernetes_namespace.argocd","null_resource.helm_repo_init"]}]},{"mode":"managed","type":"kubernetes_namespace","name":"argocd","provider":"provider[\"registry.opentofu.org/hashicorp/kubernetes\"]","instances":[{"schema_version":0,"attributes":{"id":"argocd","metadata":[{"annotations":{},"generate_name":"","generation":0,"labels":{},"name":"argocd","resource_version":"528","uid":"59a156c5-8541-4809-bcee-087e7db5d453"}],"timeouts":null,"wait_for_default_service_account":false},"sensitive_attributes":[],"private":"eyJlMmJmYjczMC1lY2FhLTExZTYtOGY4OC0zNDM2M2JjN2M0YzAiOnsiZGVsZXRlIjozMDAwMDAwMDAwMDB9fQ=="}]},{"mode":"managed","type":"kubernetes_namespace","name":"ingress_nginx","provider":"provider[\"registry.opentofu.org/hashicorp/kubernetes\"]","instances":[{"index_key":0,"schema_version":0,"attributes":{"id":"ingress-nginx","metadata":[{"annotations":{},"generate_name":"","generation":0,"labels":{},"name":"ingress-nginx","resource_version":"529","uid":"6b3d4835-4faa-4439-ad58-17fc5f5690ef"}],"timeouts":null,"wait_for_default_service_account":false},"sensitive_attributes":[],"private":"eyJlMmJmYjczMC1lY2FhLTExZTYtOGY4OC0zNDM2M2JjN2M0YzAiOnsiZGVsZXRlIjozMDAwMDAwMDAwMDB9fQ=="}]},{"mode":"managed","type":"kubernetes_namespace","name":"monitoring","provider":"provider[\"registry.opentofu.org/hashicorp/kubernetes\"]","instances":[{"index_key":0,"schema_version":0,"attributes":{"id":"monitoring","metadata":[{"annotations":{},"generate_name":"","generation":0,"labels":{},"name":"monitoring","resource_version":"527","uid":"1699337f-6e42-4b91-8dca-9a513a513357"}],"timeouts":null,"wait_for_default_service_account":false},"sensitive_attributes":[],"private":"eyJlMmJmYjczMC1lY2FhLTExZTYtOGY4OC0zNDM2M2JjN2M0YzAiOnsiZGVsZXRlIjozMDAwMDAwMDAwMDB9fQ=="}]},{"mode":"managed","type":"kubernetes_namespace","name":"shortly","provider":"provider[\"registry.opentofu.org/hashicorp/kubernetes\"]","instances":[{"schema_version":0,"attributes":{"id":"shortly","metadata":[{"annotations":{},"generate_name":"","generation":0,"labels":{},"name":"shortly","resource_version":"530","uid":"3eff6dc8-1333-40e3-a70e-12c2d0bd3218"}],"timeouts":null,"wait_for_default_service_account":false},"sensitive_attributes":[],"private":"eyJlMmJmYjczMC1lY2FhLTExZTYtOGY4OC0zNDM2M2JjN2M0YzAiOnsiZGVsZXRlIjozMDAwMDAwMDAwMDB9fQ=="}]},{"mode":"managed","type":"kubernetes_secret","name":"gitlab_registry","provider":"provider[\"registry.opentofu.org/hashicorp/kubernetes\"]","instances":[{"index_key":"gitlab-registry","schema_version":0,"attributes":{"binary_data":null,"data":{".dockerconfigjson":"{\"auths\":{\"projectregistry.neusta.de\":{\"auth\":\"bGltbW9vcjpnbHBhdC13U2lEdVJrOUFCRHVGbG1DN253bXQyODZNUXAxT2psdkNBLjAxLjB5MWdvNWdxMQ==\",\"email\":\"l.immoor@neusta.de\",\"password\":\"glpat-wSiDuRk9ABDuFlmC7nwmt286MQp1OjlvCA.01.0y1go5gq1\",\"user\":\"limmoor\"}}}"},"id":"shortly/gitlab-registry","immutable":false,"metadata":[{"annotations":{},"generate_name":"","generation":0,"labels":{},"name":"gitlab-registry","namespace":"shortly","resource_version":"541","uid":"e33ca62b-fb0e-436c-8107-c26f6189e977"}],"timeouts":null,"type":"kubernetes.io/dockerconfigjson","wait_for_service_account_token":true},"sensitive_attributes":[[{"type":"get_attr","value":"binary_data"}],[{"type":"get_attr","value":"data"}],[{"type":"get_attr","value":"data"},{"type":"index","value":{"value":".dockerconfigjson","type":"string"}}]],"private":"eyJlMmJmYjczMC1lY2FhLTExZTYtOGY4OC0zNDM2M2JjN2M0YzAiOnsiY3JlYXRlIjo2MDAwMDAwMDAwMH19","dependencies":["kubernetes_namespace.shortly"]},{"index_key":"gitlab-registry2","schema_version":0,"attributes":{"binary_data":null,"data":{".dockerconfigjson":"{\"auths\":{\"projectregistry.neusta.de\":{\"auth\":\"bGltbW9vcjpnbHBhdC13U2lEdVJrOUFCRHVGbG1DN253bXQyODZNUXAxT2psdkNBLjAxLjB5MWdvNWdxMQ==\",\"email\":\"l.immoor@neusta.de\",\"password\":\"glpat-wSiDuRk9ABDuFlmC7nwmt286MQp1OjlvCA.01.0y1go5gq1\",\"user\":\"limmoor\"}}}"},"id":"shortly/gitlab-registry2","immutable":false,"metadata":[{"annotations":{},"generate_name":"","generation":0,"labels":{},"name":"gitlab-registry2","namespace":"shortly","resource_version":"542","uid":"b281c6bc-c248-43e9-a943-2f815a4ab439"}],"timeouts":null,"type":"kubernetes.io/dockerconfigjson","wait_for_service_account_token":true},"sensitive_attributes":[[{"type":"get_attr","value":"binary_data"}],[{"type":"get_attr","value":"data"}],[{"type":"get_attr","value":"data"},{"type":"index","value":{"value":".dockerconfigjson","type":"string"}}]],"private":"eyJlMmJmYjczMC1lY2FhLTExZTYtOGY4OC0zNDM2M2JjN2M0YzAiOnsiY3JlYXRlIjo2MDAwMDAwMDAwMH19","dependencies":["kubernetes_namespace.shortly"]},{"index_key":"neusta-registry","schema_version":0,"attributes":{"binary_data":null,"data":{".dockerconfigjson":"{\"auths\":{\"projectregistry.neusta.de\":{\"auth\":\"bGltbW9vcjpnbHBhdC13U2lEdVJrOUFCRHVGbG1DN253bXQyODZNUXAxT2psdkNBLjAxLjB5MWdvNWdxMQ==\",\"email\":\"l.immoor@neusta.de\",\"password\":\"glpat-wSiDuRk9ABDuFlmC7nwmt286MQp1OjlvCA.01.0y1go5gq1\",\"user\":\"limmoor\"}}}"},"id":"shortly/neusta-registry","immutable":false,"metadata":[{"annotations":{},"generate_name":"","generation":0,"labels":{},"name":"neusta-registry","namespace":"shortly","resource_version":"540","uid":"d8119739-50d5-4b4a-862a-83b18830d4eb"}],"timeouts":null,"type":"kubernetes.io/dockerconfigjson","wait_for_service_account_token":true},"sensitive_attributes":[[{"type":"get_attr","value":"binary_data"}],[{"type":"get_attr","value":"data"}],[{"type":"get_attr","value":"data"},{"type":"index","value":{"value":".dockerconfigjson","type":"string"}}]],"private":"eyJlMmJmYjczMC1lY2FhLTExZTYtOGY4OC0zNDM2M2JjN2M0YzAiOnsiY3JlYXRlIjo2MDAwMDAwMDAwMH19","dependencies":["kubernetes_namespace.shortly"]}]},{"mode":"managed","type":"null_resource","name":"helm_repo_init","provider":"provider[\"registry.opentofu.org/hashicorp/null\"]","instances":[{"schema_version":0,"attributes":{"id":"6338001473669059658","triggers":{"repos":"argo,ingress-nginx,prometheus-community"}},"sensitive_attributes":[]}]}],"check_results":null}
